schema: '2.0'
stages:
  build_features:
    cmd: python .\src\features\build_features.py .\data\interim\ .\data\processed\
    deps:
    - path: .\data\interim\
      hash: md5
      md5: 6d2ff3caa5f69e5842802e0134b0def8.dir
      size: 193882921
      nfiles: 3
    - path: .\src\features\build_features.py
      hash: md5
      md5: f476921681bf2ae1450063c7938d5811
      size: 1607
    outs:
    - path: .\data\processed\
      hash: md5
      md5: 44e1648cc88b3c6a740d0b74b87b6901.dir
      size: 232883386
      nfiles: 3
  train_model:
    cmd: python .\src\models\train_model.py .\data\processed\ .\models\
    deps:
    - path: .\data\processed\
      hash: md5
      md5: 44e1648cc88b3c6a740d0b74b87b6901.dir
      size: 232883386
      nfiles: 3
    - path: .\src\models\train_model.py
      hash: md5
      md5: 996c5811996db12c8549cb0218a3107a
      size: 8884
    params:
      params.yaml:
        train_model.classification: false
        train_model.max_evals: 50
        train_model.target: trip_duration
        train_model.train_seed: 222
        train_model.train_size: 0.001
    outs:
    - path: .\models\
      hash: md5
      md5: 49b7b53c6190fbf5f8ae3af414ce3894.dir
      size: 1558154
      nfiles: 1
  push_model:
    cmd: python .\src\models\push_model.py .\models\model.joblib models/model.joblib
      trip-duration-dvc-storages
    deps:
    - path: .\models\
      hash: md5
      md5: 49b7b53c6190fbf5f8ae3af414ce3894.dir
      size: 1558154
      nfiles: 1
    - path: .\src\models\push_model.py
      hash: md5
      md5: 2164736c0a18cdb5ab607597304067f2
      size: 1938
  visualize:
    cmd: python .\src\visualization\visualize.py .\models\model.joblib .\data\processed\
      .\reports\figures\
    deps:
    - path: .\data\processed\
      hash: md5
      md5: 44e1648cc88b3c6a740d0b74b87b6901.dir
      size: 232883386
      nfiles: 3
    - path: .\models\
      hash: md5
      md5: 49b7b53c6190fbf5f8ae3af414ce3894.dir
      size: 1558154
      nfiles: 1
    - path: .\src\visualization\visualize.py
      hash: md5
      md5: 809738f69127abab221b3bb73305ed85
      size: 4327
    params:
      params.yaml:
        visualize.classification: false
        visualize.target: trip_duration
  data_ingestion:
    cmd: python .\src\data\data_ingestion.py nyc-taxi-trip-duration .\data\raw\
    deps:
    - path: .\src\data\data_ingestion.py
      hash: md5
      md5: 2cca37e24297315c11d2df88689a3b69
      size: 5749
    params:
      params.yaml:
        data_ingestion.seed: 2023
        data_ingestion.test_split: 0.3
    outs:
    - path: .\data\raw\
      hash: md5
      md5: 3811b6f0ece5105a34453c218aae88f7.dir
      size: 266262150
      nfiles: 4
  data_preprocessing:
    cmd: python .\src\data\data_preprocessing.py .\data\raw\ .\data\interim\
    deps:
    - path: .\data\raw\
      hash: md5
      md5: 3811b6f0ece5105a34453c218aae88f7.dir
      size: 266262150
      nfiles: 4
    - path: .\src\data\data_preprocessing.py
      hash: md5
      md5: 5fed582b6483cd23d4ffa0b902fabdf9
      size: 7454
    params:
      params.yaml:
        data_preprocessing.dropoff_latitude_lowlimit: 40.637044
        data_preprocessing.dropoff_latitude_uplimit: 40.855256
        data_preprocessing.dropoff_longitude_lowlimit: -74.035735
        data_preprocessing.dropoff_longitude_uplimit: -73.770272
        data_preprocessing.pickup_latitude_lowlimit: 40.637044
        data_preprocessing.pickup_latitude_uplimit: 40.855256
        data_preprocessing.pickup_longitude_lowlimit: -74.035735
        data_preprocessing.pickup_longitude_uplimit: -73.770272
    outs:
    - path: .\data\interim\
      hash: md5
      md5: 6d2ff3caa5f69e5842802e0134b0def8.dir
      size: 193882921
      nfiles: 3
