schema: '2.0'
stages:
  build_features:
    cmd: python .\src\features\build_features.py .\data\raw\ .\data\processed\
    deps:
    - path: .\data\processed\
      hash: md5
      md5: fcf68ca89b30e31713e10172cfa9513c.dir
      size: 335293872
      nfiles: 3
    - path: .\data\raw\
      hash: md5
      md5: 775bd993f722629b752d2bdee167a7a2.dir
      size: 271383386
      nfiles: 3
    - path: .\src\features\build_features.py
      hash: md5
      md5: 68363b6e4c8d9c419ad39c641a968015
      size: 1142
  train_model:
    cmd: python .\src\models\train_model.py .\data\processed\ .\models\
    deps:
    - path: .\data\processed\
      hash: md5
      md5: fcf68ca89b30e31713e10172cfa9513c.dir
      size: 335293872
      nfiles: 3
    - path: .\models\
      hash: md5
      md5: ba4a20e82012b744360598764e913ad4.dir
      size: 70256
      nfiles: 1
    - path: .\src\features\build_features.py
      hash: md5
      md5: 68363b6e4c8d9c419ad39c641a968015
      size: 1142
    - path: .\src\models\train_model.py
      hash: md5
      md5: c11c5c8c039e36e28f8b7cb1f56edf85
      size: 6590
    params:
      params.yaml:
        train_model.classification: false
        train_model.max_evals: 50
        train_model.target: trip_duration
        train_model.test_seed: 108
        train_model.test_size: 0.2
        train_model.train_seed: 222
        train_model.train_size: 0.001
  push_model:
    cmd: python .\src\models\push_model.py .\models\model.joblib models\model.joblib
      trip-duration-dvc-storages
    deps:
    - path: .\models\model.joblib
      hash: md5
      md5: 0141925b6c3f7e2a782a821f7775ab3d
      size: 70256
    - path: .\src\models\push_model.py
      hash: md5
      md5: 0a604068502d8a32cf721195d400c156
      size: 1816
    - path: .\src\visualization\visualize.py
      hash: md5
      md5: 63657f56ccbf4b26b1efebe5a60cb98e
      size: 3183
  visualize:
    cmd: python .\src\visualization\visualize.py .\models\model.joblib .\data\processed\
      .\metrics_output\
    deps:
    - path: .\data\processed\
      hash: md5
      md5: fcf68ca89b30e31713e10172cfa9513c.dir
      size: 335293872
      nfiles: 3
    - path: .\models\model.joblib
      hash: md5
      md5: 0141925b6c3f7e2a782a821f7775ab3d
      size: 70256
    - path: .\src\models\train_model.py
      hash: md5
      md5: c11c5c8c039e36e28f8b7cb1f56edf85
      size: 6590
    - path: .\src\visualization\visualize.py
      hash: md5
      md5: 63657f56ccbf4b26b1efebe5a60cb98e
      size: 3183
    params:
      params.yaml:
        visualize.classification: false
        visualize.target: trip_duration
